{
  "name": "@agenticros/halloween",
  "version": "0.1.0",
  "lockfileVersion": 3,
  "requires": true,
  "packages": {
    "": {
      "name": "@agenticros/halloween",
      "version": "0.1.0",
      "license": "Apache-2.0",
      "dependencies": {
        "@agenticros/core": "file:../agenticros/packages/core",
        "@sinclair/typebox": "^0.34.0"
      },
      "devDependencies": {
        "@agenticros/object-detection": "file:../agenticros/packages/object-detection",
        "@agenticros/ros-camera": "file:../agenticros/packages/ros-camera",
        "@types/node": "^20.17.0",
        "typescript": "^5.7.0"
      },
      "engines": {
        "node": ">=20"
      }
    },
    "../agenticros/packages/core": {
      "name": "@agenticros/core",
      "version": "0.8.14",
      "license": "Apache-2.0",
      "dependencies": {
        "@eclipse-zenoh/zenoh-ts": "^1.9.0",
        "@foxglove/cdr": "^3.5.0",
        "@foxglove/rosmsg": "^4.2.2",
        "@foxglove/rosmsg2-serialization": "^3.1.0",
        "ws": "^8.18.0",
        "zod": "^3.24.0"
      },
      "devDependencies": {
        "@types/node": "^20.17.0",
        "@types/ws": "^8.5.13",
        "typescript": "^5.7.0"
      },
      "engines": {
        "node": ">=20"
      },
      "optionalDependencies": {
        "node-datachannel": "^0.12.0",
        "rclnodejs": "^1.8.1"
      }
    },
    "../agenticros/packages/object-detection": {
      "name": "@agenticros/object-detection",
      "version": "0.0.1",
      "dev": true,
      "license": "Apache-2.0",
      "dependencies": {
        "@agenticros/core": "workspace:*",
        "@agenticros/ros-camera": "workspace:*",
        "onnxruntime-node": "^1.20.0",
        "sharp": "^0.33.0"
      },
      "devDependencies": {
        "@types/node": "^20.17.0",
        "typescript": "^5.7.0"
      }
    },
    "../agenticros/packages/ros-camera": {
      "name": "@agenticros/ros-camera",
      "version": "0.0.1",
      "dev": true,
      "license": "Apache-2.0",
      "dependencies": {
        "fzstd": "^0.1.1",
        "pngjs": "^7.0.0"
      },
      "devDependencies": {
        "@types/node": "^20.17.0",
        "@types/pngjs": "^6.0.5",
        "typescript": "^5.7.0"
      }
    },
    "node_modules/@agenticros/core": {
      "resolved": "../agenticros/packages/core",
      "link": true
    },
    "node_modules/@agenticros/object-detection": {
      "resolved": "../agenticros/packages/object-detection",
      "link": true
    },
    "node_modules/@agenticros/ros-camera": {
      "resolved": "../agenticros/packages/ros-camera",
      "link": true
    },
    "node_modules/@sinclair/typebox": {
      "version": "0.34.52",
      "resolved": "https://registry.npmjs.org/@sinclair/typebox/-/typebox-0.34.52.tgz",
      "integrity": "sha512-XiMQh7qqVlxZzcVD+kkGMNGMzcTrDMLWI7S4x7z1MkCkbDPrekpZXEUK0eZqZFMuHQg2a2DZOcDIh9o5v3Gonw==",
      "license": "MIT"
    },
    "node_modules/@types/node": {
      "version": "20.19.43",
      "resolved": "https://registry.npmjs.org/@types/node/-/node-20.19.43.tgz",
      "integrity": "sha512-6oYBAi5ikg4Pl+kGsoYtawUMBT2zZMCvPNF7pVLnHZfd1zf38DRiWn/gT01RYCdUqkv7Fhr+C9ot4/tb+2sVvA==",
      "dev": true,
      "license": "MIT",
      "dependencies": {
        "undici-types": "~6.21.0"
      }
    },
    "node_modules/typescript": {
      "version": "5.9.3",
      "resolved": "https://registry.npmjs.org/typescript/-/typescript-5.9.3.tgz",
      "integrity": "sha512-jl1vZzPDinLr9eUt3J/t7V6FgNEw9QjvBPdysz9KfQDD41fQrC2Y4vKQdiaUpFT4bXlb1RHhLpp8wtm6M5TgSw==",
      "dev": true,
      "license": "Apache-2.0",
      "bin": {
        "tsc": "bin/tsc",
        "tsserver": "bin/tsserver"
      },
      "engines": {
        "node": ">=14.17"
      }
    },
    "node_modules/undici-types": {
      "version": "6.21.0",
      "resolved": "https://registry.npmjs.org/undici-types/-/undici-types-6.21.0.tgz",
      "integrity": "sha512-iwDZqg0QAGrg9Rav5H4n0M64c3mkR59cJ6wQp+7C4nI0gsmExaedaYLNO44eT4AtBBwjbTiGPMlt2Md0T9H9JQ==",
      "dev": true,
      "license": "MIT"
    }
  }
}
